{
  "requires": true,
  "lockfileVersion": 1,
  "dependencies": {
    "jomini": {
      "version": "0.4.4",
      "resolved": "https://registry.npmjs.org/jomini/-/jomini-0.4.4.tgz",
      "integrity": "sha512-/YaDiBrW3PssfJ+etyd5gUZ8B2YWCBFf4hLioMvZNv6Y8M8+REJWoN8lTK2XimYRIBYdMbXBvk8B2smSeXSAtw=="
    },
    "ngraph.events": {
      "version": "1.0.0",
      "resolved": "https://registry.npmjs.org/ngraph.events/-/ngraph.events-1.0.0.tgz",
      "integrity": "sha512-Z7wyywdw8IKjOW0bDiOG4FUqX5fwqW7SDMO1huemDXho7Qy1b02RoBkPS43KLIZU2wrW2orju99k8wIr+xXvVA=="
    },
    "ngraph.graph": {
      "version": "18.0.1",
      "resolved": "https://registry.npmjs.org/ngraph.graph/-/ngraph.graph-18.0.1.tgz",
      "integrity": "sha512-sT0EnGxzppEpSpjFcFGbLGsMqkCjLdHqpdiHW6she8n/K/o9KT5hd0nFj1eU8BX1u0OpPOJdjlHNnHflhNh40w==",
      "requires": {
        "ngraph.events": "1.0.0"
      }
    },
    "ngraph.path": {
      "version": "1.2.0",
      "resolved": "https://registry.npmjs.org/ngraph.path/-/ngraph.path-1.2.0.tgz",
      "integrity": "sha512-GMbpiox35n8N/Cs42hJllEvASqh8BrQ+u7RQ55z/538gljc6ccoZakX5liFyEX2arysraH1CLaAEvu/YxjP6jQ=="
    }
  }
}
